<?xml version="1.0" encoding="UTF-8" standalone="yes" ?>
<CodeBlocks_project_file>
	<FileVersion major="1" minor="6" />
	<Project>
		<Option title="aoc2016" />
		<Option pch_mode="2" />
		<Option compiler="gcc" />
		<Build>
			<Target title="Debug">
				<Option output="bin/Debug/aoc2016" prefix_auto="1" extension_auto="1" />
				<Option object_output="obj/Debug/" />
				<Option type="1" />
				<Option compiler="gcc" />
				<Compiler>
					<Add option="-Wnon-virtual-dtor" />
					<Add option="-Wshadow" />
					<Add option="-Winit-self" />
					<Add option="-Wredundant-decls" />
					<Add option="-Wcast-align" />
					<Add option="-Wundef" />
					<Add option="-Wfloat-equal" />
					<Add option="-Winline" />
					<Add option="-Wunreachable-code" />
					<Add option="-Wmissing-declarations" />
					<Add option="-Wmissing-include-dirs" />
					<Add option="-Wswitch-enum" />
					<Add option="-Wswitch-default" />
					<Add option="-Weffc++" />
					<Add option="-Wzero-as-null-pointer-constant" />
					<Add option="-Wmain" />
					<Add option="-pedantic" />
					<Add option="-Wextra" />
					<Add option="-Wall" />
					<Add option="-g" />
				</Compiler>
			</Target>
			<Target title="Release">
				<Option output="bin/Release/aoc2016" prefix_auto="1" extension_auto="1" />
				<Option object_output="obj/Release/" />
				<Option type="1" />
				<Option compiler="gcc" />
				<Compiler>
					<Add option="-O2" />
				</Compiler>
				<Linker>
					<Add option="-s" />
				</Linker>
			</Target>
		</Build>
		<Compiler>
			<Add option="-Wnon-virtual-dtor" />
			<Add option="-Wshadow" />
			<Add option="-Winit-self" />
			<Add option="-Wredundant-decls" />
			<Add option="-Wcast-align" />
			<Add option="-Wundef" />
			<Add option="-Wfloat-equal" />
			<Add option="-Winline" />
			<Add option="-Wunreachable-code" />
			<Add option="-Wmissing-declarations" />
			<Add option="-Wmissing-include-dirs" />
			<Add option="-Wswitch-enum" />
			<Add option="-Wswitch-default" />
			<Add option="-Weffc++" />
			<Add option="-Wzero-as-null-pointer-constant" />
			<Add option="-Wmain" />
			<Add option="-pedantic" />
			<Add option="-Wextra" />
			<Add option="-Wall" />
			<Add option="-fexceptions" />
		</Compiler>
		<Linker>
			<Add option="-lboost_program_options -lssl -lcrypto" />
		</Linker>
		<Unit filename="AoC.hpp" />
		<Unit filename="DayTemplate.cpp" />
		<Unit filename="DayTemplate.hpp" />
		<Unit filename="day/Day06.hpp" />
		<Unit filename="day00/Day00.cpp" />
		<Unit filename="day00/Day00.hpp" />
		<Unit filename="day00/part1.cpp" />
		<Unit filename="day00/part2.cpp" />
		<Unit filename="day01/Day01.cpp" />
		<Unit filename="day01/Day01.hpp" />
		<Unit filename="day01/part1.cpp" />
		<Unit filename="day01/part2.cpp" />
		<Unit filename="day02/Day02.cpp" />
		<Unit filename="day02/Day02.hpp" />
		<Unit filename="day02/part1.cpp" />
		<Unit filename="day02/part2.cpp" />
		<Unit filename="day03/Day03.cpp" />
		<Unit filename="day03/Day03.hpp" />
		<Unit filename="day03/part1.cpp" />
		<Unit filename="day03/part2.cpp" />
		<Unit filename="day04/Day04.cpp" />
		<Unit filename="day04/Day04.hpp" />
		<Unit filename="day04/part1.cpp" />
		<Unit filename="day04/part2.cpp" />
		<Unit filename="day05/Day05.cpp" />
		<Unit filename="day05/Day05.hpp" />
		<Unit filename="day05/part1.cpp" />
		<Unit filename="day05/part2.cpp" />
		<Unit filename="day05/part3.cpp" />
		<Unit filename="day06/Day06.cpp" />
		<Unit filename="day06/Day06.hpp" />
		<Unit filename="day06/part1.cpp" />
		<Unit filename="day06/part2.cpp" />
		<Unit filename="day07/Day07.cpp" />
		<Unit filename="day07/Day07.hpp" />
		<Unit filename="day07/part1.cpp" />
		<Unit filename="day07/part2.cpp" />
		<Unit filename="day08/Day08.cpp" />
		<Unit filename="day08/Day08.hpp" />
		<Unit filename="day08/part1.cpp" />
		<Unit filename="day08/part2.cpp" />
		<Unit filename="day09/Day09.cpp" />
		<Unit filename="day09/Day09.hpp" />
		<Unit filename="day09/part1.cpp" />
		<Unit filename="day09/part2.cpp" />
		<Unit filename="day10/Bot.cpp" />
		<Unit filename="day10/Bot.hpp" />
		<Unit filename="day10/BotInstruction.cpp" />
		<Unit filename="day10/BotInstruction.hpp" />
		<Unit filename="day10/Day10.cpp" />
		<Unit filename="day10/Day10.hpp" />
		<Unit filename="day10/OutputBin.cpp" />
		<Unit filename="day10/OutputBin.hpp" />
		<Unit filename="day10/part1.cpp" />
		<Unit filename="day10/part2.cpp" />
		<Unit filename="day11/Day11.cpp" />
		<Unit filename="day11/Day11.hpp" />
		<Unit filename="day11/part1.cpp" />
		<Unit filename="day11/part2.cpp" />
		<Unit filename="day12/Day12.cpp" />
		<Unit filename="day12/Day12.hpp" />
		<Unit filename="day12/part1.cpp" />
		<Unit filename="day12/part2.cpp" />
		<Unit filename="day13/Day13.cpp" />
		<Unit filename="day13/Day13.hpp" />
		<Unit filename="day13/part1.cpp" />
		<Unit filename="day13/part2.cpp" />
		<Unit filename="day14/Day14.cpp" />
		<Unit filename="day14/Day14.hpp" />
		<Unit filename="day14/part1.cpp" />
		<Unit filename="day14/part2.cpp" />
		<Unit filename="day15/Day15.cpp" />
		<Unit filename="day15/Day15.hpp" />
		<Unit filename="day15/part1.cpp" />
		<Unit filename="day15/part2.cpp" />
		<Unit filename="day16/Day16.cpp" />
		<Unit filename="day16/Day16.hpp" />
		<Unit filename="day16/part1.cpp" />
		<Unit filename="day16/part2.cpp" />
		<Unit filename="day17/Day17.cpp" />
		<Unit filename="day17/Day17.hpp" />
		<Unit filename="day17/part1.cpp" />
		<Unit filename="day17/part2.cpp" />
		<Unit filename="day18/Day18.cpp" />
		<Unit filename="day18/Day18.hpp" />
		<Unit filename="day18/part1.cpp" />
		<Unit filename="day18/part2.cpp" />
		<Unit filename="day19/Day19.cpp" />
		<Unit filename="day19/Day19.hpp" />
		<Unit filename="day19/part1.cpp" />
		<Unit filename="day19/part2.cpp" />
		<Unit filename="day20/Day20.cpp" />
		<Unit filename="day20/Day20.hpp" />
		<Unit filename="day20/part1.cpp" />
		<Unit filename="day20/part2.cpp" />
		<Unit filename="day21/Day21.cpp" />
		<Unit filename="day21/Day21.hpp" />
		<Unit filename="day21/part1.cpp" />
		<Unit filename="day21/part2.cpp" />
		<Unit filename="day22/Day22.cpp" />
		<Unit filename="day22/Day22.hpp" />
		<Unit filename="day22/part1.cpp" />
		<Unit filename="day22/part2.cpp" />
		<Unit filename="day23/Day23.cpp" />
		<Unit filename="day23/Day23.hpp" />
		<Unit filename="day23/part1.cpp" />
		<Unit filename="day23/part2.cpp" />
        <Unit filename="day25/Day25.cpp" />
		<Unit filename="day25/Day25.hpp" />
		<Unit filename="day25/part1.cpp" />
		<Unit filename="day25/part2.cpp" />
		<Unit filename="main.cpp" />
		<Unit filename="util/Assembunny.cpp" />
		<Unit filename="util/Assembunny.hpp" />
		<Unit filename="util/Md5Provider.cpp" />
		<Unit filename="util/Md5Provider.hpp" />
		<Extensions>
			<code_completion />
			<debugger />
		</Extensions>
	</Project>
</CodeBlocks_project_file>
