<?xml version="1.0" encoding="UTF-8" standalone="yes" ?>
<CodeBlocks_project_file>
	<FileVersion major="1" minor="6" />
	<Project>
		<Option title="aoc2016" />
		<Option pch_mode="2" />
		<Option compiler="gcc" />
		<Build>
			<Target title="Debug">
				<Option output="bin/Debug/aoc2016" prefix_auto="1" extension_auto="1" />
				<Option object_output="obj/Debug/" />
				<Option type="1" />
				<Option compiler="gcc" />
				<Compiler>
					<Add option="-g" />
					<Add directory="day00" />
					<Add directory="day01" />
				</Compiler>
			</Target>
			<Target title="Release">
				<Option output="bin/Release/aoc2016" prefix_auto="1" extension_auto="1" />
				<Option object_output="obj/Release/" />
				<Option type="1" />
				<Option compiler="gcc" />
				<Compiler>
					<Add option="-O2" />
					<Add directory="day00" />
					<Add directory="day01" />
				</Compiler>
				<Linker>
					<Add option="-s" />
				</Linker>
			</Target>
		</Build>
		<Compiler>
			<Add option="-Wall" />
			<Add option="-fexceptions" />
		</Compiler>
		<Linker>
			<Add option="-lboost_program_options" />
		</Linker>
		<Unit filename="AoC.hpp" />
		<Unit filename="DayTemplate.cpp" />
		<Unit filename="DayTemplate.hpp" />
		<Unit filename="day00/Day00.cpp" />
		<Unit filename="day00/Day00.hpp" />
		<Unit filename="day00/part1.cpp" />
		<Unit filename="day01/Day01.cpp" />
		<Unit filename="day01/Day01.hpp" />
		<Unit filename="day01/part1.cpp" />
		<Unit filename="day01/part2.cpp" />
		<Unit filename="main.cpp" />
		<Extensions>
			<code_completion />
			<debugger />
		</Extensions>
	</Project>
</CodeBlocks_project_file>
